// !$*UTF8*$!
{
	archiveVersion = 1;
	classes = {
	};
	objectVersion = 50;
	objects = {

/* Begin PBXBuildFile section */
		28031AAD258B34E300CDF18C /* PDFCreator.swift in Sources */ = {isa = PBXBuildFile; fileRef = 28031AAC258B34E300CDF18C /* PDFCreator.swift */; };
		28031AB0258B3CEE00CDF18C /* PreviewViewController.swift in Sources */ = {isa = PBXBuildFile; fileRef = 28031AAF258B3CEE00CDF18C /* PreviewViewController.swift */; };
		28031ABB258B816F00CDF18C /* CameraViewController.swift in Sources */ = {isa = PBXBuildFile; fileRef = 28031ABA258B816F00CDF18C /* CameraViewController.swift */; };
		28031ABE258B98E800CDF18C /* CameraCollectionViewCell.swift in Sources */ = {isa = PBXBuildFile; fileRef = 28031ABD258B98E800CDF18C /* CameraCollectionViewCell.swift */; };
		2871EEFF2591F8C700E4B6E8 /* PitchView.swift in Sources */ = {isa = PBXBuildFile; fileRef = 2871EEFC2591F8C700E4B6E8 /* PitchView.swift */; };
		2871EF002591F8C700E4B6E8 /* FaceDetectionViewController.swift in Sources */ = {isa = PBXBuildFile; fileRef = 2871EEFD2591F8C700E4B6E8 /* FaceDetectionViewController.swift */; };
		2871EF012591F8C700E4B6E8 /* FaceView.swift in Sources */ = {isa = PBXBuildFile; fileRef = 2871EEFE2591F8C700E4B6E8 /* FaceView.swift */; };
		2871EF092591FAFF00E4B6E8 /* UIViewExtension.swift in Sources */ = {isa = PBXBuildFile; fileRef = 2871EF082591FAFF00E4B6E8 /* UIViewExtension.swift */; };
		2871EF0A2591FAFF00E4B6E8 /* CoreGraphicsExtensions.swift in Sources */ = {isa = PBXBuildFile; fileRef = 2871EF072591FAFF00E4B6E8 /* CoreGraphicsExtensions.swift */; };
		28925E092589F12700CCCB18 /* AppDelegate.swift in Sources */ = {isa = PBXBuildFile; fileRef = 28925E082589F12700CCCB18 /* AppDelegate.swift */; };
		28925E0B2589F12700CCCB18 /* SceneDelegate.swift in Sources */ = {isa = PBXBuildFile; fileRef = 28925E0A2589F12700CCCB18 /* SceneDelegate.swift */; };
		28925E0D2589F12700CCCB18 /* ListViewController.swift in Sources */ = {isa = PBXBuildFile; fileRef = 28925E0C2589F12700CCCB18 /* ListViewController.swift */; };
		28925E102589F12700CCCB18 /* Main.storyboard in Resources */ = {isa = PBXBuildFile; fileRef = 28925E0E2589F12700CCCB18 /* Main.storyboard */; };
		28925E122589F12900CCCB18 /* Assets.xcassets in Resources */ = {isa = PBXBuildFile; fileRef = 28925E112589F12900CCCB18 /* Assets.xcassets */; };
		28925E152589F12900CCCB18 /* LaunchScreen.storyboard in Resources */ = {isa = PBXBuildFile; fileRef = 28925E132589F12900CCCB18 /* LaunchScreen.storyboard */; };
		28925E222589F68700CCCB18 /* ListCollectionViewCell.swift in Sources */ = {isa = PBXBuildFile; fileRef = 28925E212589F68700CCCB18 /* ListCollectionViewCell.swift */; };
		28925E252589F97C00CCCB18 /* ResultsViewController.swift in Sources */ = {isa = PBXBuildFile; fileRef = 28925E242589F97C00CCCB18 /* ResultsViewController.swift */; };
		28925E282589FBF100CCCB18 /* ScannedItem.swift in Sources */ = {isa = PBXBuildFile; fileRef = 28925E272589FBF100CCCB18 /* ScannedItem.swift */; };
		28925E33258A326100CCCB18 /* OCR sample-1.png in Resources */ = {isa = PBXBuildFile; fileRef = 28925E31258A326100CCCB18 /* OCR sample-1.png */; };
		28925E34258A326100CCCB18 /* OCR sample-2.png in Resources */ = {isa = PBXBuildFile; fileRef = 28925E32258A326100CCCB18 /* OCR sample-2.png */; };
		28FB7CE0258A507000D2842F /* a-sample-of-jim-s-restaurant.jpg in Resources */ = {isa = PBXBuildFile; fileRef = 28FB7CDD258A507000D2842F /* a-sample-of-jim-s-restaurant.jpg */; };
		28FB7CE1258A507000D2842F /* clubReciept.jpg in Resources */ = {isa = PBXBuildFile; fileRef = 28FB7CDE258A507000D2842F /* clubReciept.jpg */; };
		28FB7CE2258A507000D2842F /* sample Hotel .jpeg in Resources */ = {isa = PBXBuildFile; fileRef = 28FB7CDF258A507000D2842F /* sample Hotel .jpeg */; };
/* End PBXBuildFile section */

/* Begin PBXFileReference section */
		28031AAC258B34E300CDF18C /* PDFCreator.swift */ = {isa = PBXFileReference; lastKnownFileType = sourcecode.swift; path = PDFCreator.swift; sourceTree = "<group>"; };
		28031AAF258B3CEE00CDF18C /* PreviewViewController.swift */ = {isa = PBXFileReference; lastKnownFileType = sourcecode.swift; path = PreviewViewController.swift; sourceTree = "<group>"; };
		28031ABA258B816F00CDF18C /* CameraViewController.swift */ = {isa = PBXFileReference; lastKnownFileType = sourcecode.swift; path = CameraViewController.swift; sourceTree = "<group>"; };
		28031ABD258B98E800CDF18C /* CameraCollectionViewCell.swift */ = {isa = PBXFileReference; lastKnownFileType = sourcecode.swift; path = CameraCollectionViewCell.swift; sourceTree = "<group>"; };
		2871EEFC2591F8C700E4B6E8 /* PitchView.swift */ = {isa = PBXFileReference; fileEncoding = 4; lastKnownFileType = sourcecode.swift; path = PitchView.swift; sourceTree = "<group>"; };
		2871EEFD2591F8C700E4B6E8 /* FaceDetectionViewController.swift */ = {isa = PBXFileReference; fileEncoding = 4; lastKnownFileType = sourcecode.swift; path = FaceDetectionViewController.swift; sourceTree = "<group>"; };
		2871EEFE2591F8C700E4B6E8 /* FaceView.swift */ = {isa = PBXFileReference; fileEncoding = 4; lastKnownFileType = sourcecode.swift; path = FaceView.swift; sourceTree = "<group>"; };
		2871EF072591FAFF00E4B6E8 /* CoreGraphicsExtensions.swift */ = {isa = PBXFileReference; lastKnownFileType = sourcecode.swift; path = CoreGraphicsExtensions.swift; sourceTree = "<group>"; };
		2871EF082591FAFF00E4B6E8 /* UIViewExtension.swift */ = {isa = PBXFileReference; lastKnownFileType = sourcecode.swift; path = UIViewExtension.swift; sourceTree = "<group>"; };
		28925E052589F12700CCCB18 /* VisionOCR_Sample.app */ = {isa = PBXFileReference; explicitFileType = wrapper.application; includeInIndex = 0; path = VisionOCR_Sample.app; sourceTree = BUILT_PRODUCTS_DIR; };
		28925E082589F12700CCCB18 /* AppDelegate.swift */ = {isa = PBXFileReference; lastKnownFileType = sourcecode.swift; path = AppDelegate.swift; sourceTree = "<group>"; };
		28925E0A2589F12700CCCB18 /* SceneDelegate.swift */ = {isa = PBXFileReference; lastKnownFileType = sourcecode.swift; path = SceneDelegate.swift; sourceTree = "<group>"; };
		28925E0C2589F12700CCCB18 /* ListViewController.swift */ = {isa = PBXFileReference; lastKnownFileType = sourcecode.swift; path = ListViewController.swift; sourceTree = "<group>"; };
		28925E0F2589F12700CCCB18 /* Base */ = {isa = PBXFileReference; lastKnownFileType = file.storyboard; name = Base; path = Base.lproj/Main.storyboard; sourceTree = "<group>"; };
		28925E112589F12900CCCB18 /* Assets.xcassets */ = {isa = PBXFileReference; lastKnownFileType = folder.assetcatalog; path = Assets.xcassets; sourceTree = "<group>"; };
		28925E142589F12900CCCB18 /* Base */ = {isa = PBXFileReference; lastKnownFileType = file.storyboard; name = Base; path = Base.lproj/LaunchScreen.storyboard; sourceTree = "<group>"; };
		28925E162589F12900CCCB18 /* Info.plist */ = {isa = PBXFileReference; lastKnownFileType = text.plist.xml; path = Info.plist; sourceTree = "<group>"; };
		28925E212589F68700CCCB18 /* ListCollectionViewCell.swift */ = {isa = PBXFileReference; lastKnownFileType = sourcecode.swift; path = ListCollectionViewCell.swift; sourceTree = "<group>"; };
		28925E242589F97C00CCCB18 /* ResultsViewController.swift */ = {isa = PBXFileReference; lastKnownFileType = sourcecode.swift; path = ResultsViewController.swift; sourceTree = "<group>"; };
		28925E272589FBF100CCCB18 /* ScannedItem.swift */ = {isa = PBXFileReference; lastKnownFileType = sourcecode.swift; path = ScannedItem.swift; sourceTree = "<group>"; };
		28925E31258A326100CCCB18 /* OCR sample-1.png */ = {isa = PBXFileReference; lastKnownFileType = image.png; path = "OCR sample-1.png"; sourceTree = "<group>"; };
		28925E32258A326100CCCB18 /* OCR sample-2.png */ = {isa = PBXFileReference; lastKnownFileType = image.png; path = "OCR sample-2.png"; sourceTree = "<group>"; };
		28FB7CDD258A507000D2842F /* a-sample-of-jim-s-restaurant.jpg */ = {isa = PBXFileReference; lastKnownFileType = image.jpeg; path = "a-sample-of-jim-s-restaurant.jpg"; sourceTree = "<group>"; };
		28FB7CDE258A507000D2842F /* clubReciept.jpg */ = {isa = PBXFileReference; lastKnownFileType = image.jpeg; path = clubReciept.jpg; sourceTree = "<group>"; };
		28FB7CDF258A507000D2842F /* sample Hotel .jpeg */ = {isa = PBXFileReference; lastKnownFileType = image.jpeg; path = "sample Hotel .jpeg"; sourceTree = "<group>"; };
/* End PBXFileReference section */

/* Begin PBXFrameworksBuildPhase section */
		28925E022589F12700CCCB18 /* Frameworks */ = {
			isa = PBXFrameworksBuildPhase;
			buildActionMask = 2147483647;
			files = (
			);
			runOnlyForDeploymentPostprocessing = 0;
		};
/* End PBXFrameworksBuildPhase section */

/* Begin PBXGroup section */
		28925DFC2589F12700CCCB18 = {
			isa = PBXGroup;
			children = (
				28925E072589F12700CCCB18 /* VisionOCR_Sample */,
				28925E062589F12700CCCB18 /* Products */,
			);
			sourceTree = "<group>";
		};
		28925E062589F12700CCCB18 /* Products */ = {
			isa = PBXGroup;
			children = (
				28925E052589F12700CCCB18 /* VisionOCR_Sample.app */,
			);
			name = Products;
			sourceTree = "<group>";
		};
		28925E072589F12700CCCB18 /* VisionOCR_Sample */ = {
			isa = PBXGroup;
			children = (
				28925E082589F12700CCCB18 /* AppDelegate.swift */,
				28925E0A2589F12700CCCB18 /* SceneDelegate.swift */,
				28925E272589FBF100CCCB18 /* ScannedItem.swift */,
				28925E0C2589F12700CCCB18 /* ListViewController.swift */,
				28925E212589F68700CCCB18 /* ListCollectionViewCell.swift */,
				28925E242589F97C00CCCB18 /* ResultsViewController.swift */,
				28031AAF258B3CEE00CDF18C /* PreviewViewController.swift */,
				28031AAC258B34E300CDF18C /* PDFCreator.swift */,
				28031ABD258B98E800CDF18C /* CameraCollectionViewCell.swift */,
				28031ABA258B816F00CDF18C /* CameraViewController.swift */,
				2871EEFE2591F8C700E4B6E8 /* FaceView.swift */,
				2871EEFC2591F8C700E4B6E8 /* PitchView.swift */,
				28925E0E2589F12700CCCB18 /* Main.storyboard */,
				2871EF072591FAFF00E4B6E8 /* CoreGraphicsExtensions.swift */,
				2871EF082591FAFF00E4B6E8 /* UIViewExtension.swift */,
				2871EEFD2591F8C700E4B6E8 /* FaceDetectionViewController.swift */,
				28925E112589F12900CCCB18 /* Assets.xcassets */,
				28FB7CE4258A507900D2842F /* SampleImages (import to photos library) */,
				28925E132589F12900CCCB18 /* LaunchScreen.storyboard */,
				28925E162589F12900CCCB18 /* Info.plist */,
			);
			path = VisionOCR_Sample;
			sourceTree = "<group>";
		};
		28FB7CE4258A507900D2842F /* SampleImages (import to photos library) */ = {
			isa = PBXGroup;
			children = (
				28925E31258A326100CCCB18 /* OCR sample-1.png */,
				28925E32258A326100CCCB18 /* OCR sample-2.png */,
				28FB7CDD258A507000D2842F /* a-sample-of-jim-s-restaurant.jpg */,
				28FB7CDE258A507000D2842F /* clubReciept.jpg */,
				28FB7CDF258A507000D2842F /* sample Hotel .jpeg */,
			);
			path = "SampleImages (import to photos library)";
			sourceTree = "<group>";
		};
/* End PBXGroup section */

/* Begin PBXNativeTarget section */
		28925E042589F12700CCCB18 /* VisionOCR_Sample */ = {
			isa = PBXNativeTarget;
			buildConfigurationList = 28925E192589F12900CCCB18 /* Build configuration list for PBXNativeTarget "VisionOCR_Sample" */;
			buildPhases = (
				28925E012589F12700CCCB18 /* Sources */,
				28925E022589F12700CCCB18 /* Frameworks */,
				28925E032589F12700CCCB18 /* Resources */,
			);
			buildRules = (
			);
			dependencies = (
			);
			name = VisionOCR_Sample;
			productName = VisionOCR_Sample;
			productReference = 28925E052589F12700CCCB18 /* VisionOCR_Sample.app */;
			productType = "com.apple.product-type.application";
		};
/* End PBXNativeTarget section */

/* Begin PBXProject section */
		28925DFD2589F12700CCCB18 /* Project object */ = {
			isa = PBXProject;
			attributes = {
				LastSwiftUpdateCheck = 1220;
				LastUpgradeCheck = 1220;
				TargetAttributes = {
					28925E042589F12700CCCB18 = {
						CreatedOnToolsVersion = 12.2;
					};
				};
			};
			buildConfigurationList = 28925E002589F12700CCCB18 /* Build configuration list for PBXProject "VisionOCR_Sample" */;
			compatibilityVersion = "Xcode 9.3";
			developmentRegion = en;
			hasScannedForEncodings = 0;
			knownRegions = (
				en,
				Base,
			);
			mainGroup = 28925DFC2589F12700CCCB18;
			productRefGroup = 28925E062589F12700CCCB18 /* Products */;
			projectDirPath = "";
			projectRoot = "";
			targets = (
				28925E042589F12700CCCB18 /* VisionOCR_Sample */,
			);
		};
/* End PBXProject section */

/* Begin PBXResourcesBuildPhase section */
		28925E032589F12700CCCB18 /* Resources */ = {
			isa = PBXResourcesBuildPhase;
			buildActionMask = 2147483647;
			files = (
				28FB7CE0258A507000D2842F /* a-sample-of-jim-s-restaurant.jpg in Resources */,
				28925E152589F12900CCCB18 /* LaunchScreen.storyboard in Resources */,
				28925E34258A326100CCCB18 /* OCR sample-2.png in Resources */,
				28925E122589F12900CCCB18 /* Assets.xcassets in Resources */,
				28FB7CE2258A507000D2842F /* sample Hotel .jpeg in Resources */,
				28FB7CE1258A507000D2842F /* clubReciept.jpg in Resources */,
				28925E102589F12700CCCB18 /* Main.storyboard in Resources */,
				28925E33258A326100CCCB18 /* OCR sample-1.png in Resources */,
			);
			runOnlyForDeploymentPostprocessing = 0;
		};
/* End PBXResourcesBuildPhase section */

/* Begin PBXSourcesBuildPhase section */
		28925E012589F12700CCCB18 /* Sources */ = {
			isa = PBXSourcesBuildPhase;
			buildActionMask = 2147483647;
			files = (
				28925E0D2589F12700CCCB18 /* ListViewController.swift in Sources */,
				2871EF012591F8C700E4B6E8 /* FaceView.swift in Sources */,
				28925E092589F12700CCCB18 /* AppDelegate.swift in Sources */,
				28925E282589FBF100CCCB18 /* ScannedItem.swift in Sources */,
				2871EF092591FAFF00E4B6E8 /* UIViewExtension.swift in Sources */,
				28031ABE258B98E800CDF18C /* CameraCollectionViewCell.swift in Sources */,
				28031AAD258B34E300CDF18C /* PDFCreator.swift in Sources */,
				28925E222589F68700CCCB18 /* ListCollectionViewCell.swift in Sources */,
				2871EF0A2591FAFF00E4B6E8 /* CoreGraphicsExtensions.swift in Sources */,
				2871EEFF2591F8C700E4B6E8 /* PitchView.swift in Sources */,
				28925E252589F97C00CCCB18 /* ResultsViewController.swift in Sources */,
				28925E0B2589F12700CCCB18 /* SceneDelegate.swift in Sources */,
				28031AB0258B3CEE00CDF18C /* PreviewViewController.swift in Sources */,
				28031ABB258B816F00CDF18C /* CameraViewController.swift in Sources */,
				2871EF002591F8C700E4B6E8 /* FaceDetectionViewController.swift in Sources */,
			);
			runOnlyForDeploymentPostprocessing = 0;
		};
/* End PBXSourcesBuildPhase section */

/* Begin PBXVariantGroup section */
		28925E0E2589F12700CCCB18 /* Main.storyboard */ = {
			isa = PBXVariantGroup;
			children = (
				28925E0F2589F12700CCCB18 /* Base */,
			);
			name = Main.storyboard;
			sourceTree = "<group>";
		};
		28925E132589F12900CCCB18 /* LaunchScreen.storyboard */ = {
			isa = PBXVariantGroup;
			children = (
				28925E142589F12900CCCB18 /* Base */,
			);
			name = LaunchScreen.storyboard;
			sourceTree = "<group>";
		};
/* End PBXVariantGroup section */

/* Begin XCBuildConfiguration section */
		28925E172589F12900CCCB18 /* Debug */ = {
			isa = XCBuildConfiguration;
			buildSettings = {
				ALWAYS_SEARCH_USER_PATHS = NO;
				CLANG_ANALYZER_NONNULL = YES;
				CLANG_ANALYZER_NUMBER_OBJECT_CONVERSION = YES_AGGRESSIVE;
				CLANG_CXX_LANGUAGE_STANDARD = "gnu++14";
				CLANG_CXX_LIBRARY = "libc++";
				CLANG_ENABLE_MODULES = YES;
				CLANG_ENABLE_OBJC_ARC = YES;
				CLANG_ENABLE_OBJC_WEAK = YES;
				CLANG_WARN_BLOCK_CAPTURE_AUTORELEASING = YES;
				CLANG_WARN_BOOL_CONVERSION = YES;
				CLANG_WARN_COMMA = YES;
				CLANG_WARN_CONSTANT_CONVERSION = YES;
				CLANG_WARN_DEPRECATED_OBJC_IMPLEMENTATIONS = YES;
				CLANG_WARN_DIRECT_OBJC_ISA_USAGE = YES_ERROR;
				CLANG_WARN_DOCUMENTATION_COMMENTS = YES;
				CLANG_WARN_EMPTY_BODY = YES;
				CLANG_WARN_ENUM_CONVERSION = YES;
				CLANG_WARN_INFINITE_RECURSION = YES;
				CLANG_WARN_INT_CONVERSION = YES;
				CLANG_WARN_NON_LITERAL_NULL_CONVERSION = YES;
				CLANG_WARN_OBJC_IMPLICIT_RETAIN_SELF = YES;
				CLANG_WARN_OBJC_LITERAL_CONVERSION = YES;
				CLANG_WARN_OBJC_ROOT_CLASS = YES_ERROR;
				CLANG_WARN_QUOTED_INCLUDE_IN_FRAMEWORK_HEADER = YES;
				CLANG_WARN_RANGE_LOOP_ANALYSIS = YES;
				CLANG_WARN_STRICT_PROTOTYPES = YES;
				CLANG_WARN_SUSPICIOUS_MOVE = YES;
				CLANG_WARN_UNGUARDED_AVAILABILITY = YES_AGGRESSIVE;
				CLANG_WARN_UNREACHABLE_CODE = YES;
				CLANG_WARN__DUPLICATE_METHOD_MATCH = YES;
				COPY_PHASE_STRIP = NO;
				DEBUG_INFORMATION_FORMAT = dwarf;
				ENABLE_STRICT_OBJC_MSGSEND = YES;
				ENABLE_TESTABILITY = YES;
				GCC_C_LANGUAGE_STANDARD = gnu11;
				GCC_DYNAMIC_NO_PIC = NO;
				GCC_NO_COMMON_BLOCKS = YES;
				GCC_OPTIMIZATION_LEVEL = 0;
				GCC_PREPROCESSOR_DEFINITIONS = (
					"DEBUG=1",
					"$(inherited)",
				);
				GCC_WARN_64_TO_32_BIT_CONVERSION = YES;
				GCC_WARN_ABOUT_RETURN_TYPE = YES_ERROR;
				GCC_WARN_UNDECLARED_SELECTOR = YES;
				GCC_WARN_UNINITIALIZED_AUTOS = YES_AGGRESSIVE;
				GCC_WARN_UNUSED_FUNCTION = YES;
				GCC_WARN_UNUSED_VARIABLE = YES;
				IPHONEOS_DEPLOYMENT_TARGET = 13.0;
				MTL_ENABLE_DEBUG_INFO = INCLUDE_SOURCE;
				MTL_FAST_MATH = YES;
				ONLY_ACTIVE_ARCH = YES;
				SDKROOT = iphoneos;
				SWIFT_ACTIVE_COMPILATION_CONDITIONS = DEBUG;
				SWIFT_OPTIMIZATION_LEVEL = "-Onone";
			};
			name = Debug;
		};
		28925E182589F12900CCCB18 /* Release */ = {
			isa = XCBuildConfiguration;
			buildSettings = {
				ALWAYS_SEARCH_USER_PATHS = NO;
				CLANG_ANALYZER_NONNULL = YES;
				CLANG_ANALYZER_NUMBER_OBJECT_CONVERSION = YES_AGGRESSIVE;
				CLANG_CXX_LANGUAGE_STANDARD = "gnu++14";
				CLANG_CXX_LIBRARY = "libc++";
				CLANG_ENABLE_MODULES = YES;
				CLANG_ENABLE_OBJC_ARC = YES;
				CLANG_ENABLE_OBJC_WEAK = YES;
				CLANG_WARN_BLOCK_CAPTURE_AUTORELEASING = YES;
				CLANG_WARN_BOOL_CONVERSION = YES;
				CLANG_WARN_COMMA = YES;
				CLANG_WARN_CONSTANT_CONVERSION = YES;
				CLANG_WARN_DEPRECATED_OBJC_IMPLEMENTATIONS = YES;
				CLANG_WARN_DIRECT_OBJC_ISA_USAGE = YES_ERROR;
				CLANG_WARN_DOCUMENTATION_COMMENTS = YES;
				CLANG_WARN_EMPTY_BODY = YES;
				CLANG_WARN_ENUM_CONVERSION = YES;
				CLANG_WARN_INFINITE_RECURSION = YES;
				CLANG_WARN_INT_CONVERSION = YES;
				CLANG_WARN_NON_LITERAL_NULL_CONVERSION = YES;
				CLANG_WARN_OBJC_IMPLICIT_RETAIN_SELF = YES;
				CLANG_WARN_OBJC_LITERAL_CONVERSION = YES;
				CLANG_WARN_OBJC_ROOT_CLASS = YES_ERROR;
				CLANG_WARN_QUOTED_INCLUDE_IN_FRAMEWORK_HEADER = YES;
				CLANG_WARN_RANGE_LOOP_ANALYSIS = YES;
				CLANG_WARN_STRICT_PROTOTYPES = YES;
				CLANG_WARN_SUSPICIOUS_MOVE = YES;
				CLANG_WARN_UNGUARDED_AVAILABILITY = YES_AGGRESSIVE;
				CLANG_WARN_UNREACHABLE_CODE = YES;
				CLANG_WARN__DUPLICATE_METHOD_MATCH = YES;
				COPY_PHASE_STRIP = NO;
				DEBUG_INFORMATION_FORMAT = "dwarf-with-dsym";
				ENABLE_NS_ASSERTIONS = NO;
				ENABLE_STRICT_OBJC_MSGSEND = YES;
				GCC_C_LANGUAGE_STANDARD = gnu11;
				GCC_NO_COMMON_BLOCKS = YES;
				GCC_WARN_64_TO_32_BIT_CONVERSION = YES;
				GCC_WARN_ABOUT_RETURN_TYPE = YES_ERROR;
				GCC_WARN_UNDECLARED_SELECTOR = YES;
				GCC_WARN_UNINITIALIZED_AUTOS = YES_AGGRESSIVE;
				GCC_WARN_UNUSED_FUNCTION = YES;
				GCC_WARN_UNUSED_VARIABLE = YES;
				IPHONEOS_DEPLOYMENT_TARGET = 13.0;
				MTL_ENABLE_DEBUG_INFO = NO;
				MTL_FAST_MATH = YES;
				SDKROOT = iphoneos;
				SWIFT_COMPILATION_MODE = wholemodule;
				SWIFT_OPTIMIZATION_LEVEL = "-O";
				VALIDATE_PRODUCT = YES;
			};
			name = Release;
		};
		28925E1A2589F12900CCCB18 /* Debug */ = {
			isa = XCBuildConfiguration;
			buildSettings = {
				ASSETCATALOG_COMPILER_APPICON_NAME = AppIcon;
				ASSETCATALOG_COMPILER_GLOBAL_ACCENT_COLOR_NAME = AccentColor;
				CODE_SIGN_STYLE = Automatic;
				DEVELOPMENT_TEAM = 87D55FRX5N;
				INFOPLIST_FILE = VisionOCR_Sample/Info.plist;
				IPHONEOS_DEPLOYMENT_TARGET = 13.0;
				LD_RUNPATH_SEARCH_PATHS = (
					"$(inherited)",
					"@executable_path/Frameworks",
				);
				PRODUCT_BUNDLE_IDENTIFIER = "cloudapper.VisionOCR-Sample";
				PRODUCT_NAME = "$(TARGET_NAME)";
				SWIFT_VERSION = 5.0;
				TARGETED_DEVICE_FAMILY = "1,2";
			};
			name = Debug;
		};
		28925E1B2589F12900CCCB18 /* Release */ = {
			isa = XCBuildConfiguration;
			buildSettings = {
				ASSETCATALOG_COMPILER_APPICON_NAME = AppIcon;
				ASSETCATALOG_COMPILER_GLOBAL_ACCENT_COLOR_NAME = AccentColor;
				CODE_SIGN_STYLE = Automatic;
				DEVELOPMENT_TEAM = 87D55FRX5N;
				INFOPLIST_FILE = VisionOCR_Sample/Info.plist;
				IPHONEOS_DEPLOYMENT_TARGET = 13.0;
				LD_RUNPATH_SEARCH_PATHS = (
					"$(inherited)",
					"@executable_path/Frameworks",
				);
				PRODUCT_BUNDLE_IDENTIFIER = "cloudapper.VisionOCR-Sample";
				PRODUCT_NAME = "$(TARGET_NAME)";
				SWIFT_VERSION = 5.0;
				TARGETED_DEVICE_FAMILY = "1,2";
			};
			name = Release;
		};
/* End XCBuildConfiguration section */

/* Begin XCConfigurationList section */
		28925E002589F12700CCCB18 /* Build configuration list for PBXProject "VisionOCR_Sample" */ = {
			isa = XCConfigurationList;
			buildConfigurations = (
				28925E172589F12900CCCB18 /* Debug */,
				28925E182589F12900CCCB18 /* Release */,
			);
			defaultConfigurationIsVisible = 0;
			defaultConfigurationName = Release;
		};
		28925E192589F12900CCCB18 /* Build configuration list for PBXNativeTarget "VisionOCR_Sample" */ = {
			isa = XCConfigurationList;
			buildConfigurations = (
				28925E1A2589F12900CCCB18 /* Debug */,
				28925E1B2589F12900CCCB18 /* Release */,
			);
			defaultConfigurationIsVisible = 0;
			defaultConfigurationName = Release;
		};
/* End XCConfigurationList section */
	};
	rootObject = 28925DFD2589F12700CCCB18 /* Project object */;
}
